<?xml version="1.0" encoding="utf-8"?>
<Project ToolsVersion="16.0" xmlns="http://schemas.microsoft.com/developer/msbuild/2003">
  <ItemGroup>
    <ClCompile Include="C:\codes\mosquitto\lib\actions.c">
      <Filter>Source Files</Filter>
    </ClCompile>
    <ClCompile Include="C:\codes\mosquitto\lib\callbacks.c">
      <Filter>Source Files</Filter>
    </ClCompile>
    <ClCompile Include="C:\codes\mosquitto\lib\connect.c">
      <Filter>Source Files</Filter>
    </ClCompile>
    <ClCompile Include="C:\codes\mosquitto\lib\handle_auth.c">
      <Filter>Source Files</Filter>
    </ClCompile>
    <ClCompile Include="C:\codes\mosquitto\lib\handle_connack.c">
      <Filter>Source Files</Filter>
    </ClCompile>
    <ClCompile Include="C:\codes\mosquitto\lib\handle_disconnect.c">
      <Filter>Source Files</Filter>
    </ClCompile>
    <ClCompile Include="C:\codes\mosquitto\lib\handle_ping.c">
      <Filter>Source Files</Filter>
    </ClCompile>
    <ClCompile Include="C:\codes\mosquitto\lib\handle_pubackcomp.c">
      <Filter>Source Files</Filter>
    </ClCompile>
    <ClCompile Include="C:\codes\mosquitto\lib\handle_publish.c">
      <Filter>Source Files</Filter>
    </ClCompile>
    <ClCompile Include="C:\codes\mosquitto\lib\handle_pubrec.c">
      <Filter>Source Files</Filter>
    </ClCompile>
    <ClCompile Include="C:\codes\mosquitto\lib\handle_pubrel.c">
      <Filter>Source Files</Filter>
    </ClCompile>
    <ClCompile Include="C:\codes\mosquitto\lib\handle_suback.c">
      <Filter>Source Files</Filter>
    </ClCompile>
    <ClCompile Include="C:\codes\mosquitto\lib\handle_unsuback.c">
      <Filter>Source Files</Filter>
    </ClCompile>
    <ClCompile Include="C:\codes\mosquitto\lib\helpers.c">
      <Filter>Source Files</Filter>
    </ClCompile>
    <ClCompile Include="C:\codes\mosquitto\lib\logging_mosq.c">
      <Filter>Source Files</Filter>
    </ClCompile>
    <ClCompile Include="C:\codes\mosquitto\lib\loop.c">
      <Filter>Source Files</Filter>
    </ClCompile>
    <ClCompile Include="C:\codes\mosquitto\lib\memory_mosq.c">
      <Filter>Source Files</Filter>
    </ClCompile>
    <ClCompile Include="C:\codes\mosquitto\lib\messages_mosq.c">
      <Filter>Source Files</Filter>
    </ClCompile>
    <ClCompile Include="C:\codes\mosquitto\lib\misc_mosq.c">
      <Filter>Source Files</Filter>
    </ClCompile>
    <ClCompile Include="C:\codes\mosquitto\lib\mosquitto.c">
      <Filter>Source Files</Filter>
    </ClCompile>
    <ClCompile Include="C:\codes\mosquitto\lib\net_mosq_ocsp.c">
      <Filter>Source Files</Filter>
    </ClCompile>
    <ClCompile Include="C:\codes\mosquitto\lib\net_mosq.c">
      <Filter>Source Files</Filter>
    </ClCompile>
    <ClCompile Include="C:\codes\mosquitto\lib\options.c">
      <Filter>Source Files</Filter>
    </ClCompile>
    <ClCompile Include="C:\codes\mosquitto\lib\packet_datatypes.c">
      <Filter>Source Files</Filter>
    </ClCompile>
    <ClCompile Include="C:\codes\mosquitto\lib\packet_mosq.c">
      <Filter>Source Files</Filter>
    </ClCompile>
    <ClCompile Include="C:\codes\mosquitto\lib\property_mosq.c">
      <Filter>Source Files</Filter>
    </ClCompile>
    <ClCompile Include="C:\codes\mosquitto\lib\read_handle.c">
      <Filter>Source Files</Filter>
    </ClCompile>
    <ClCompile Include="C:\codes\mosquitto\lib\send_connect.c">
      <Filter>Source Files</Filter>
    </ClCompile>
    <ClCompile Include="C:\codes\mosquitto\lib\send_disconnect.c">
      <Filter>Source Files</Filter>
    </ClCompile>
    <ClCompile Include="C:\codes\mosquitto\lib\send_mosq.c">
      <Filter>Source Files</Filter>
    </ClCompile>
    <ClCompile Include="C:\codes\mosquitto\lib\send_publish.c">
      <Filter>Source Files</Filter>
    </ClCompile>
    <ClCompile Include="C:\codes\mosquitto\lib\send_subscribe.c">
      <Filter>Source Files</Filter>
    </ClCompile>
    <ClCompile Include="C:\codes\mosquitto\lib\send_unsubscribe.c">
      <Filter>Source Files</Filter>
    </ClCompile>
    <ClCompile Include="C:\codes\mosquitto\lib\socks_mosq.c">
      <Filter>Source Files</Filter>
    </ClCompile>
    <ClCompile Include="C:\codes\mosquitto\lib\srv_mosq.c">
      <Filter>Source Files</Filter>
    </ClCompile>
    <ClCompile Include="C:\codes\mosquitto\lib\strings_mosq.c">
      <Filter>Source Files</Filter>
    </ClCompile>
    <ClCompile Include="C:\codes\mosquitto\lib\thread_mosq.c">
      <Filter>Source Files</Filter>
    </ClCompile>
    <ClCompile Include="C:\codes\mosquitto\lib\time_mosq.c">
      <Filter>Source Files</Filter>
    </ClCompile>
    <ClCompile Include="C:\codes\mosquitto\lib\tls_mosq.c">
      <Filter>Source Files</Filter>
    </ClCompile>
    <ClCompile Include="C:\codes\mosquitto\lib\utf8_mosq.c">
      <Filter>Source Files</Filter>
    </ClCompile>
    <ClCompile Include="C:\codes\mosquitto\lib\util_mosq.c">
      <Filter>Source Files</Filter>
    </ClCompile>
    <ClCompile Include="C:\codes\mosquitto\lib\util_topic.c">
      <Filter>Source Files</Filter>
    </ClCompile>
    <ClCompile Include="C:\codes\mosquitto\lib\will_mosq.c">
      <Filter>Source Files</Filter>
    </ClCompile>
  </ItemGroup>
  <ItemGroup>
    <ClInclude Include="C:\codes\mosquitto\lib\logging_mosq.h">
      <Filter>Header Files</Filter>
    </ClInclude>
    <ClInclude Include="C:\codes\mosquitto\lib\memory_mosq.h">
      <Filter>Header Files</Filter>
    </ClInclude>
    <ClInclude Include="C:\codes\mosquitto\lib\messages_mosq.h">
      <Filter>Header Files</Filter>
    </ClInclude>
    <ClInclude Include="C:\codes\mosquitto\lib\misc_mosq.h">
      <Filter>Header Files</Filter>
    </ClInclude>
    <ClInclude Include="C:\codes\mosquitto\include\mosquitto.h">
      <Filter>Header Files</Filter>
    </ClInclude>
    <ClInclude Include="C:\codes\mosquitto\lib\mosquitto_internal.h">
      <Filter>Header Files</Filter>
    </ClInclude>
    <ClInclude Include="C:\codes\mosquitto\include\mqtt_protocol.h">
      <Filter>Header Files</Filter>
    </ClInclude>
    <ClInclude Include="C:\codes\mosquitto\lib\net_mosq.h">
      <Filter>Header Files</Filter>
    </ClInclude>
    <ClInclude Include="C:\codes\mosquitto\lib\packet_mosq.h">
      <Filter>Header Files</Filter>
    </ClInclude>
    <ClInclude Include="C:\codes\mosquitto\lib\property_mosq.h">
      <Filter>Header Files</Filter>
    </ClInclude>
    <ClInclude Include="C:\codes\mosquitto\lib\read_handle.h">
      <Filter>Header Files</Filter>
    </ClInclude>
    <ClInclude Include="C:\codes\mosquitto\lib\send_mosq.h">
      <Filter>Header Files</Filter>
    </ClInclude>
    <ClInclude Include="C:\codes\mosquitto\lib\util_mosq.h">
      <Filter>Header Files</Filter>
    </ClInclude>
    <ClInclude Include="C:\codes\mosquitto\lib\will_mosq.h">
      <Filter>Header Files</Filter>
    </ClInclude>
  </ItemGroup>
  <ItemGroup>
    <CustomBuild Include="C:\codes\mosquitto\lib\CMakeLists.txt" />
  </ItemGroup>
  <ItemGroup>
    <Filter Include="Header Files">
      <UniqueIdentifier>{21848770-21E3-319D-9AEE-83447AA935DA}</UniqueIdentifier>
    </Filter>
    <Filter Include="Source Files">
      <UniqueIdentifier>{B6E767B2-E9A9-3175-9D77-C38FD2DDB8C5}</UniqueIdentifier>
    </Filter>
  </ItemGroup>
</Project>
